
Microsoft Visual Studio Solution File, Format Version 12.00
# Visual Studio Version 17
VisualStudioVersion = 17.5.002.0
MinimumVisualStudioVersion = 10.0.40219.1
Project("{9A19103F-16F7-4668-BE54-9A1E7A4F7556}") = "Pong", "Pong.csproj", "{69FAC2DB-FAB7-4296-A9CD-AF5CAAEFA277}"
EndProject
Global
	GlobalSection(SolutionConfigurationPlatforms) = preSolution
		Debug|Any CPU = Debug|Any CPU
		Release|Any CPU = Release|Any CPU
	EndGlobalSection
	GlobalSection(ProjectConfigurationPlatforms) = postSolution
		{69FAC2DB-FAB7-4296-A9CD-AF5CAAEFA277}.Debug|Any CPU.ActiveCfg = Debug|Any CPU
		{69FAC2DB-FAB7-4296-A9CD-AF5CAAEFA277}.Debug|Any CPU.Build.0 = Debug|Any CPU
		{69FAC2DB-FAB7-4296-A9CD-AF5CAAEFA277}.Release|Any CPU.ActiveCfg = Release|Any CPU
		{69FAC2DB-FAB7-4296-A9CD-AF5CAAEFA277}.Release|Any CPU.Build.0 = Release|Any CPU
	EndGlobalSection
	GlobalSection(SolutionProperties) = preSolution
		HideSolutionNode = FALSE
	EndGlobalSection
	GlobalSection(ExtensibilityGlobals) = postSolution
		SolutionGuid = {0F4C57F6-1025-431E-AA0D-34A5EAC19057}
	EndGlobalSection
EndGlobal
